
Microsoft Visual Studio Solution File, Format Version 12.00
# Visual Studio 15
VisualStudioVersion = 15.0.27428.2037
MinimumVisualStudioVersion = 10.0.40219.1
Project("{8BC9CEB8-8B4A-11D0-8D11-00A0C91BC942}") = "Quiz 3-3", "Quiz 3-3\Quiz 3-3.vcxproj", "{348A8E13-3575-46FF-99FE-1F409808950B}"
EndProject
Global
	GlobalSection(SolutionConfigurationPlatforms) = preSolution
		Debug|x64 = Debug|x64
		Debug|x86 = Debug|x86
		Release|x64 = Release|x64
		Release|x86 = Release|x86
	EndGlobalSection
	GlobalSection(ProjectConfigurationPlatforms) = postSolution
		{348A8E13-3575-46FF-99FE-1F409808950B}.Debug|x64.ActiveCfg = Debug|x64
		{348A8E13-3575-46FF-99FE-1F409808950B}.Debug|x64.Build.0 = Debug|x64
		{348A8E13-3575-46FF-99FE-1F409808950B}.Debug|x86.ActiveCfg = Debug|Win32
		{348A8E13-3575-46FF-99FE-1F409808950B}.Debug|x86.Build.0 = Debug|Win32
		{348A8E13-3575-46FF-99FE-1F409808950B}.Release|x64.ActiveCfg = Release|x64
		{348A8E13-3575-46FF-99FE-1F409808950B}.Release|x64.Build.0 = Release|x64
		{348A8E13-3575-46FF-99FE-1F409808950B}.Release|x86.ActiveCfg = Release|Win32
		{348A8E13-3575-46FF-99FE-1F409808950B}.Release|x86.Build.0 = Release|Win32
	EndGlobalSection
	GlobalSection(SolutionProperties) = preSolution
		HideSolutionNode = FALSE
	EndGlobalSection
	GlobalSection(ExtensibilityGlobals) = postSolution
		SolutionGuid = {E85AF0E1-6E69-4630-8388-F2C15232E6DB}
	EndGlobalSection
EndGlobal
